# This file is autogenerated, do not edit; changes may be undone by the next 'dep ensure'.


[[projects]]
  name = "github.com/kpango/glg"
  packages = ["."]
  revision = "fcb2a2966be7d6e3e94e72b1ab155a21c20b64c5"
  version = "1.1"

[[projects]]
  name = "github.com/urfave/cli"
  packages = ["."]
  revision = "cfb38830724cc34fedffe9a2a29fb54fa9169cd1"
  version = "v1.20.0"

[[projects]]
  name = "gopkg.in/yaml.v2"
  packages = ["."]
  revision = "5420a8b6744d3b0345ab293f6fcba19c978f1183"
  version = "v2.2.1"

[solve-meta]
  analyzer-name = "dep"
  analyzer-version = 1
  inputs-digest = "78665276484f90847679b1f2284bec1fb612796e8d06ed5dbc9734f8663ffbea"
  solver-name = "gps-cdcl"
  solver-version = 1
